
Microsoft Visual Studio Solution File, Format Version 12.00
# Visual Studio 15
VisualStudioVersion = 15.0.28307.421
MinimumVisualStudioVersion = 10.0.40219.1
Project("{FAE04EC0-301F-11D3-BF4B-00C04F79EFBC}") = "UnitTestProject1", "UnitTestProject1\UnitTestProject1.csproj", "{AD929974-3A0A-494A-B7E8-930E682EA4AF}"
EndProject
Global
	GlobalSection(SolutionConfigurationPlatforms) = preSolution
		Debug|Any CPU = Debug|Any CPU
		Release|Any CPU = Release|Any CPU
	EndGlobalSection
	GlobalSection(ProjectConfigurationPlatforms) = postSolution
		{AD929974-3A0A-494A-B7E8-930E682EA4AF}.Debug|Any CPU.ActiveCfg = Debug|Any CPU
		{AD929974-3A0A-494A-B7E8-930E682EA4AF}.Debug|Any CPU.Build.0 = Debug|Any CPU
		{AD929974-3A0A-494A-B7E8-930E682EA4AF}.Release|Any CPU.ActiveCfg = Release|Any CPU
		{AD929974-3A0A-494A-B7E8-930E682EA4AF}.Release|Any CPU.Build.0 = Release|Any CPU
	EndGlobalSection
	GlobalSection(SolutionProperties) = preSolution
		HideSolutionNode = FALSE
	EndGlobalSection
	GlobalSection(ExtensibilityGlobals) = postSolution
		SolutionGuid = {370C526E-1820-48C7-8ADA-5380AA17CDD1}
	EndGlobalSection
EndGlobal
